
Microsoft Visual Studio Solution File, Format Version 12.00
# Visual Studio 15
VisualStudioVersion = 15.0.26730.16
MinimumVisualStudioVersion = 10.0.40219.1
Project("{FAE04EC0-301F-11D3-BF4B-00C04F79EFBC}") = "Problem1BlankReceipt", "Problem1BlankReceipt\Problem1BlankReceipt.csproj", "{2D32E7B0-6AD7-4B38-9134-EB455EF0D902}"
EndProject
Project("{FAE04EC0-301F-11D3-BF4B-00C04F79EFBC}") = "Problem2SignOfIntegerNumber", "Problem2SignOfIntegerNumber\Problem2SignOfIntegerNumber.csproj", "{8EAF3E3F-9B54-4DC9-AC1B-E94A4E344DB2}"
EndProject
Project("{FAE04EC0-301F-11D3-BF4B-00C04F79EFBC}") = "test", "test\test.csproj", "{7677E1E5-EA94-4DAF-A5DE-210748F4CAAF}"
EndProject
Global
	GlobalSection(SolutionConfigurationPlatforms) = preSolution
		Debug|Any CPU = Debug|Any CPU
		Release|Any CPU = Release|Any CPU
	EndGlobalSection
	GlobalSection(ProjectConfigurationPlatforms) = postSolution
		{2D32E7B0-6AD7-4B38-9134-EB455EF0D902}.Debug|Any CPU.ActiveCfg = Debug|Any CPU
		{2D32E7B0-6AD7-4B38-9134-EB455EF0D902}.Debug|Any CPU.Build.0 = Debug|Any CPU
		{2D32E7B0-6AD7-4B38-9134-EB455EF0D902}.Release|Any CPU.ActiveCfg = Release|Any CPU
		{2D32E7B0-6AD7-4B38-9134-EB455EF0D902}.Release|Any CPU.Build.0 = Release|Any CPU
		{8EAF3E3F-9B54-4DC9-AC1B-E94A4E344DB2}.Debug|Any CPU.ActiveCfg = Debug|Any CPU
		{8EAF3E3F-9B54-4DC9-AC1B-E94A4E344DB2}.Debug|Any CPU.Build.0 = Debug|Any CPU
		{8EAF3E3F-9B54-4DC9-AC1B-E94A4E344DB2}.Release|Any CPU.ActiveCfg = Release|Any CPU
		{8EAF3E3F-9B54-4DC9-AC1B-E94A4E344DB2}.Release|Any CPU.Build.0 = Release|Any CPU
		{7677E1E5-EA94-4DAF-A5DE-210748F4CAAF}.Debug|Any CPU.ActiveCfg = Debug|Any CPU
		{7677E1E5-EA94-4DAF-A5DE-210748F4CAAF}.Debug|Any CPU.Build.0 = Debug|Any CPU
		{7677E1E5-EA94-4DAF-A5DE-210748F4CAAF}.Release|Any CPU.ActiveCfg = Release|Any CPU
		{7677E1E5-EA94-4DAF-A5DE-210748F4CAAF}.Release|Any CPU.Build.0 = Release|Any CPU
	EndGlobalSection
	GlobalSection(SolutionProperties) = preSolution
		HideSolutionNode = FALSE
	EndGlobalSection
	GlobalSection(ExtensibilityGlobals) = postSolution
		SolutionGuid = {46377583-647D-47D8-B9B4-7BE7B5587121}
	EndGlobalSection
EndGlobal
